
Microsoft Visual Studio Solution File, Format Version 12.00
# Visual Studio 2015
Project("{FAE04EC0-301F-11D3-BF4B-00C04F79EFBC}") = "snowblind_Game_project.CSharp.Plugins", "snowblind_Game_project.CSharp.Plugins.csproj", "{37CA360F-7D81-6E0F-A3AA-4D48041B2C68}"
EndProject
Project("{FAE04EC0-301F-11D3-BF4B-00C04F79EFBC}") = "snowblind_Game_project.CSharp", "snowblind_Game_project.CSharp.csproj", "{36A4FD41-69A2-B1EC-01C9-A02235AA37EF}"
EndProject
Project("{FAE04EC0-301F-11D3-BF4B-00C04F79EFBC}") = "snowblind_Game_project.CSharp.Editor", "snowblind_Game_project.CSharp.Editor.csproj", "{E50A97AD-AE86-8BE3-6597-B9CC7FAB0482}"
EndProject
Global
	GlobalSection(SolutionConfigurationPlatforms) = preSolution
		Debug|Any CPU = Debug|Any CPU
		Release|Any CPU = Release|Any CPU
	EndGlobalSection
	GlobalSection(ProjectConfigurationPlatforms) = postSolution
		{37CA360F-7D81-6E0F-A3AA-4D48041B2C68}.Debug|Any CPU.ActiveCfg = Debug|Any CPU
		{37CA360F-7D81-6E0F-A3AA-4D48041B2C68}.Debug|Any CPU.Build.0 = Debug|Any CPU
		{37CA360F-7D81-6E0F-A3AA-4D48041B2C68}.Release|Any CPU.ActiveCfg = Release|Any CPU
		{37CA360F-7D81-6E0F-A3AA-4D48041B2C68}.Release|Any CPU.Build.0 = Release|Any CPU
		{36A4FD41-69A2-B1EC-01C9-A02235AA37EF}.Debug|Any CPU.ActiveCfg = Debug|Any CPU
		{36A4FD41-69A2-B1EC-01C9-A02235AA37EF}.Debug|Any CPU.Build.0 = Debug|Any CPU
		{36A4FD41-69A2-B1EC-01C9-A02235AA37EF}.Release|Any CPU.ActiveCfg = Release|Any CPU
		{36A4FD41-69A2-B1EC-01C9-A02235AA37EF}.Release|Any CPU.Build.0 = Release|Any CPU
		{E50A97AD-AE86-8BE3-6597-B9CC7FAB0482}.Debug|Any CPU.ActiveCfg = Debug|Any CPU
		{E50A97AD-AE86-8BE3-6597-B9CC7FAB0482}.Debug|Any CPU.Build.0 = Debug|Any CPU
		{E50A97AD-AE86-8BE3-6597-B9CC7FAB0482}.Release|Any CPU.ActiveCfg = Release|Any CPU
		{E50A97AD-AE86-8BE3-6597-B9CC7FAB0482}.Release|Any CPU.Build.0 = Release|Any CPU
	EndGlobalSection
	GlobalSection(SolutionProperties) = preSolution
		HideSolutionNode = FALSE
	EndGlobalSection
EndGlobal
